{
  "pins" : [
    {
      "identity" : "logmanager",
      "kind" : "remoteSourceControl",
      "location" : "https://github.com/Appracatappra/LogManager",
      "state" : {
        "revision" : "5dc038a098c8646e19f87424907e08b74809d06c",
        "version" : "1.0.1"
      }
    }
  ],
  "version" : 2
}
