{
  "originHash" : "c1877c20dcebbc55f0b70f3766037ebf624863987c413f82f10197ce90ea6d55",
  "pins" : [
    {
      "identity" : "logmanager",
      "kind" : "remoteSourceControl",
      "location" : "https://github.com/Appracatappra/LogManager",
      "state" : {
        "revision" : "0dc18ac85ccdbb979152a1e4f64bfc6f377513b1",
        "version" : "2.1.0"
      }
    }
  ],
  "version" : 3
}
