{
  "originHash" : "122901875a153cbc118127c0813172d1ebe1602f29345ad1add1ae2f78808b8d",
  "pins" : [
    {
      "identity" : "logmanager",
      "kind" : "remoteSourceControl",
      "location" : "https://github.com/Appracatappra/LogManager",
      "state" : {
        "revision" : "ed7b6f091d9f261e75211c214a4ba0ea3ba7a84d",
        "version" : "2.0.4"
      }
    }
  ],
  "version" : 3
}
